// !$*UTF8*$!
{
	archiveVersion = 1;
	classes = {
	};
	objectVersion = 54;
	objects = {

/* Begin PBXBuildFile section */
		00E356F31AD99517003FC87E /* WoodleBabyTestTaskTests.m in Sources */ = {isa = PBXBuildFile; fileRef = 00E356F21AD99517003FC87E /* WoodleBabyTestTaskTests.m */; };
		0C80B921A6F3F58F76C31292 /* libPods-WoodleBabyTestTask.a in Frameworks */ = {isa = PBXBuildFile; fileRef = 5DCACB8F33CDC322A6C60F78 /* libPods-WoodleBabyTestTask.a */; };
		13B07FBC1A68108700A75B9A /* AppDelegate.mm in Sources */ = {isa = PBXBuildFile; fileRef = 13B07FB01A68108700A75B9A /* AppDelegate.mm */; };
		13B07FBF1A68108700A75B9A /* Images.xcassets in Resources */ = {isa = PBXBuildFile; fileRef = 13B07FB51A68108700A75B9A /* Images.xcassets */; };
		13B07FC11A68108700A75B9A /* main.m in Sources */ = {isa = PBXBuildFile; fileRef = 13B07FB71A68108700A75B9A /* main.m */; };
		7699B88040F8A987B510C191 /* libPods-WoodleBabyTestTask-WoodleBabyTestTaskTests.a in Frameworks */ = {isa = PBXBuildFile; fileRef = 19F6CBCC0A4E27FBF8BF4A61 /* libPods-WoodleBabyTestTask-WoodleBabyTestTaskTests.a */; };
		81AB9BB82411601600AC10FF /* LaunchScreen.storyboard in Resources */ = {isa = PBXBuildFile; fileRef = 81AB9BB72411601600AC10FF /* LaunchScreen.storyboard */; };
		FA77A8CB99A04BB9675A6193 /* PrivacyInfo.xcprivacy in Resources */ = {isa = PBXBuildFile; fileRef = 13B07FB81A68108700A75B9A /* PrivacyInfo.xcprivacy */; };
		B129B3AB3118485B8D62D682 /* Ribeye-Regular.ttf in Resources */ = {isa = PBXBuildFile; fileRef = 63B48D3AA84A4B1B91B592C5 /* Ribeye-Regular.ttf */; };
		63D7BD67B29C4C48ABFD4597 /* Cabin-Bold.ttf in Resources */ = {isa = PBXBuildFile; fileRef = 46A1389D758E47059510D4E3 /* Cabin-Bold.ttf */; };
		B7624F8A79494809AB85C429 /* Cabin-BoldItalic.ttf in Resources */ = {isa = PBXBuildFile; fileRef = 5BE272C10CAA49F0AA2A39A1 /* Cabin-BoldItalic.ttf */; };
		1358BE47A10E4EDC9E825B74 /* Cabin-Italic-VariableFont_wdth,wght.ttf in Resources */ = {isa = PBXBuildFile; fileRef = 6BC1A13687B04101B05F989B /* Cabin-Italic-VariableFont_wdth,wght.ttf */; };
		EA101D903CDA461B82EDB7D3 /* Cabin-Italic.ttf in Resources */ = {isa = PBXBuildFile; fileRef = 4E4AFD51FA1040A18E33CB22 /* Cabin-Italic.ttf */; };
		1194661A409C4B57A1B95B40 /* Cabin-Medium.ttf in Resources */ = {isa = PBXBuildFile; fileRef = 0C85FC19F25A45F99C23C9E2 /* Cabin-Medium.ttf */; };
		F5A5CBE2E73A411EAFC0EAEF /* Cabin-MediumItalic.ttf in Resources */ = {isa = PBXBuildFile; fileRef = 1EA88E1F63E245ECBF2F26B9 /* Cabin-MediumItalic.ttf */; };
		2F2BBCF6BE9142C48B46771B /* Cabin-Regular.ttf in Resources */ = {isa = PBXBuildFile; fileRef = 7C154273939349F3BD8DEE61 /* Cabin-Regular.ttf */; };
		835F2DADAA664075B54BC21F /* Cabin-SemiBold.ttf in Resources */ = {isa = PBXBuildFile; fileRef = 383A6610B1144F7C883787D3 /* Cabin-SemiBold.ttf */; };
		EE7F1B681C084101A5DF4BD7 /* Cabin-SemiBoldItalic.ttf in Resources */ = {isa = PBXBuildFile; fileRef = A205FF466F54406CA8DE5332 /* Cabin-SemiBoldItalic.ttf */; };
		6232693A4CFE4002AFA67DC7 /* Cabin-VariableFont_wdth,wght.ttf in Resources */ = {isa = PBXBuildFile; fileRef = 1B38006A7A204EB7970330DD /* Cabin-VariableFont_wdth,wght.ttf */; };
		7E1E7078A8564A4FAFB27DA3 /* Cabin_Condensed-Bold.ttf in Resources */ = {isa = PBXBuildFile; fileRef = EBF7B635A586425B926B7007 /* Cabin_Condensed-Bold.ttf */; };
		148CD46D84CD4AAE884AB936 /* Cabin_Condensed-BoldItalic.ttf in Resources */ = {isa = PBXBuildFile; fileRef = 6397BA9EFE4747989FB4C23C /* Cabin_Condensed-BoldItalic.ttf */; };
		3950EE5B225F4C9183C042D3 /* Cabin_Condensed-Italic.ttf in Resources */ = {isa = PBXBuildFile; fileRef = 37E41FB928F141F19C8E8C75 /* Cabin_Condensed-Italic.ttf */; };
		39D4096592394795A3581BA6 /* Cabin_Condensed-Medium.ttf in Resources */ = {isa = PBXBuildFile; fileRef = 4F5A9865C2E948BF9A85B0D9 /* Cabin_Condensed-Medium.ttf */; };
		DDA9F5582C91424EB5EAE1CA /* Cabin_Condensed-MediumItalic.ttf in Resources */ = {isa = PBXBuildFile; fileRef = 9C3F5A98DD89482E8BF8150B /* Cabin_Condensed-MediumItalic.ttf */; };
		683DAE50FEB949EF8AA478B9 /* Cabin_Condensed-Regular.ttf in Resources */ = {isa = PBXBuildFile; fileRef = 77539177D5F94D7C8A9F809B /* Cabin_Condensed-Regular.ttf */; };
		FF6C5D4837C64EE9B0A6D9EA /* Cabin_Condensed-SemiBold.ttf in Resources */ = {isa = PBXBuildFile; fileRef = E054E65548AC4B1AB7E32971 /* Cabin_Condensed-SemiBold.ttf */; };
		25D5B32D02374B1796D4D562 /* Cabin_Condensed-SemiBoldItalic.ttf in Resources */ = {isa = PBXBuildFile; fileRef = CF52942CDC994701B46E462B /* Cabin_Condensed-SemiBoldItalic.ttf */; };
		E5C5C80EBB4642CBB8445A12 /* Cabin_SemiCondensed-Bold.ttf in Resources */ = {isa = PBXBuildFile; fileRef = 162F7BDD554D44E0997D9CB8 /* Cabin_SemiCondensed-Bold.ttf */; };
		10875975B2B94B47A946CEBA /* Cabin_SemiCondensed-BoldItalic.ttf in Resources */ = {isa = PBXBuildFile; fileRef = 9EDEEC0AECDB4540A64BB4E9 /* Cabin_SemiCondensed-BoldItalic.ttf */; };
		2B1CAE55BB4946D6A847065A /* Cabin_SemiCondensed-Italic.ttf in Resources */ = {isa = PBXBuildFile; fileRef = 001E11A682404616A4E6F1FD /* Cabin_SemiCondensed-Italic.ttf */; };
		AC25DBF23711432C880BD43C /* Cabin_SemiCondensed-Medium.ttf in Resources */ = {isa = PBXBuildFile; fileRef = 80BADEA69DD5493CBB92CCB6 /* Cabin_SemiCondensed-Medium.ttf */; };
		7BF12A2CA566464FA2A473FF /* Cabin_SemiCondensed-MediumItalic.ttf in Resources */ = {isa = PBXBuildFile; fileRef = 9125F4D60FFF465699D158AA /* Cabin_SemiCondensed-MediumItalic.ttf */; };
		5038F62C6C5743DD9E3AAE71 /* Cabin_SemiCondensed-Regular.ttf in Resources */ = {isa = PBXBuildFile; fileRef = B15DFEE429314530B0CDAE20 /* Cabin_SemiCondensed-Regular.ttf */; };
		68B2069A27CE4B4D87B1748E /* Cabin_SemiCondensed-SemiBold.ttf in Resources */ = {isa = PBXBuildFile; fileRef = B8E63DAEBB524B21BBF5AE6B /* Cabin_SemiCondensed-SemiBold.ttf */; };
		0C0BF0D61A9745098BD6FE8B /* Cabin_SemiCondensed-SemiBoldItalic.ttf in Resources */ = {isa = PBXBuildFile; fileRef = C272013CF3614227B4C54C20 /* Cabin_SemiCondensed-SemiBoldItalic.ttf */; };
		2CCBAA3F879847A58493C76B /* Roboto-Black.ttf in Resources */ = {isa = PBXBuildFile; fileRef = 1818CDC1D5114FBEB9D4CFAA /* Roboto-Black.ttf */; };
		738DE380B1FD4E548DCD0AF9 /* Roboto-BlackItalic.ttf in Resources */ = {isa = PBXBuildFile; fileRef = 79F27C1D5BD942EDAF16E968 /* Roboto-BlackItalic.ttf */; };
		554F412514324475925963C8 /* Roboto-Bold.ttf in Resources */ = {isa = PBXBuildFile; fileRef = C472C8F260A849F3818F0AB3 /* Roboto-Bold.ttf */; };
		0B6894D1B5674D458F909F56 /* Roboto-BoldItalic.ttf in Resources */ = {isa = PBXBuildFile; fileRef = E65E552FEC414A869FB4CDE3 /* Roboto-BoldItalic.ttf */; };
		227C5382F9DD4BEA850EFD8B /* Roboto-Italic.ttf in Resources */ = {isa = PBXBuildFile; fileRef = BFC5D58E40EE4F9595D7104F /* Roboto-Italic.ttf */; };
		0C976E2EF6E4489CA1AD88F1 /* Roboto-Light.ttf in Resources */ = {isa = PBXBuildFile; fileRef = 2E9243D853FB4DE08FBCAB6C /* Roboto-Light.ttf */; };
		77F5373544CA440B9FAE76F2 /* Roboto-LightItalic.ttf in Resources */ = {isa = PBXBuildFile; fileRef = A8FF4154D3B74615BA25FDBF /* Roboto-LightItalic.ttf */; };
		2E61AD095B07467E95F862BE /* Roboto-Medium.ttf in Resources */ = {isa = PBXBuildFile; fileRef = E4CAB0D8E24D47D09280724A /* Roboto-Medium.ttf */; };
		AF3F4E41F07B43B081153F8F /* Roboto-MediumItalic.ttf in Resources */ = {isa = PBXBuildFile; fileRef = 74017700E209460F9F0CA967 /* Roboto-MediumItalic.ttf */; };
		22F1ADB491504B15A5A0D077 /* Roboto-Regular.ttf in Resources */ = {isa = PBXBuildFile; fileRef = BD77F15F92344EE0A0598A02 /* Roboto-Regular.ttf */; };
		28E7472FC2634D0FBF610771 /* Roboto-Thin.ttf in Resources */ = {isa = PBXBuildFile; fileRef = 4E3F1B714FD34E5CB6F2481E /* Roboto-Thin.ttf */; };
		9CEEBB0E78F645B181B352A5 /* Roboto-ThinItalic.ttf in Resources */ = {isa = PBXBuildFile; fileRef = A6268366D02A49F78DCB8BCD /* Roboto-ThinItalic.ttf */; };
		0874C6366DEE470C94DB27C9 /* RussoOne-Regular.ttf in Resources */ = {isa = PBXBuildFile; fileRef = 57B79F0068844DD5BB092837 /* RussoOne-Regular.ttf */; };
/* End PBXBuildFile section */

/* Begin PBXContainerItemProxy section */
		00E356F41AD99517003FC87E /* PBXContainerItemProxy */ = {
			isa = PBXContainerItemProxy;
			containerPortal = 83CBB9F71A601CBA00E9B192 /* Project object */;
			proxyType = 1;
			remoteGlobalIDString = 13B07F861A680F5B00A75B9A;
			remoteInfo = WoodleBabyTestTask;
		};
/* End PBXContainerItemProxy section */

/* Begin PBXFileReference section */
		00E356EE1AD99517003FC87E /* WoodleBabyTestTaskTests.xctest */ = {isa = PBXFileReference; explicitFileType = wrapper.cfbundle; includeInIndex = 0; path = WoodleBabyTestTaskTests.xctest; sourceTree = BUILT_PRODUCTS_DIR; };
		00E356F11AD99517003FC87E /* Info.plist */ = {isa = PBXFileReference; lastKnownFileType = text.plist.xml; path = Info.plist; sourceTree = "<group>"; };
		00E356F21AD99517003FC87E /* WoodleBabyTestTaskTests.m */ = {isa = PBXFileReference; lastKnownFileType = sourcecode.c.objc; path = WoodleBabyTestTaskTests.m; sourceTree = "<group>"; };
		13B07F961A680F5B00A75B9A /* WoodleBabyTestTask.app */ = {isa = PBXFileReference; explicitFileType = wrapper.application; includeInIndex = 0; path = WoodleBabyTestTask.app; sourceTree = BUILT_PRODUCTS_DIR; };
		13B07FAF1A68108700A75B9A /* AppDelegate.h */ = {isa = PBXFileReference; fileEncoding = 4; lastKnownFileType = sourcecode.c.h; name = AppDelegate.h; path = WoodleBabyTestTask/AppDelegate.h; sourceTree = "<group>"; };
		13B07FB01A68108700A75B9A /* AppDelegate.mm */ = {isa = PBXFileReference; fileEncoding = 4; lastKnownFileType = sourcecode.cpp.objcpp; name = AppDelegate.mm; path = WoodleBabyTestTask/AppDelegate.mm; sourceTree = "<group>"; };
		13B07FB51A68108700A75B9A /* Images.xcassets */ = {isa = PBXFileReference; lastKnownFileType = folder.assetcatalog; name = Images.xcassets; path = WoodleBabyTestTask/Images.xcassets; sourceTree = "<group>"; };
		13B07FB61A68108700A75B9A /* Info.plist */ = {isa = PBXFileReference; fileEncoding = 4; lastKnownFileType = text.plist.xml; name = Info.plist; path = WoodleBabyTestTask/Info.plist; sourceTree = "<group>"; };
		13B07FB71A68108700A75B9A /* main.m */ = {isa = PBXFileReference; fileEncoding = 4; lastKnownFileType = sourcecode.c.objc; name = main.m; path = WoodleBabyTestTask/main.m; sourceTree = "<group>"; };
		13B07FB81A68108700A75B9A /* PrivacyInfo.xcprivacy */ = {isa = PBXFileReference; fileEncoding = 4; lastKnownFileType = text.plist.xml; name = PrivacyInfo.xcprivacy; path = WoodleBabyTestTask/PrivacyInfo.xcprivacy; sourceTree = "<group>"; };
		19F6CBCC0A4E27FBF8BF4A61 /* libPods-WoodleBabyTestTask-WoodleBabyTestTaskTests.a */ = {isa = PBXFileReference; explicitFileType = archive.ar; includeInIndex = 0; path = "libPods-WoodleBabyTestTask-WoodleBabyTestTaskTests.a"; sourceTree = BUILT_PRODUCTS_DIR; };
		3B4392A12AC88292D35C810B /* Pods-WoodleBabyTestTask.debug.xcconfig */ = {isa = PBXFileReference; includeInIndex = 1; lastKnownFileType = text.xcconfig; name = "Pods-WoodleBabyTestTask.debug.xcconfig"; path = "Target Support Files/Pods-WoodleBabyTestTask/Pods-WoodleBabyTestTask.debug.xcconfig"; sourceTree = "<group>"; };
		5709B34CF0A7D63546082F79 /* Pods-WoodleBabyTestTask.release.xcconfig */ = {isa = PBXFileReference; includeInIndex = 1; lastKnownFileType = text.xcconfig; name = "Pods-WoodleBabyTestTask.release.xcconfig"; path = "Target Support Files/Pods-WoodleBabyTestTask/Pods-WoodleBabyTestTask.release.xcconfig"; sourceTree = "<group>"; };
		5B7EB9410499542E8C5724F5 /* Pods-WoodleBabyTestTask-WoodleBabyTestTaskTests.debug.xcconfig */ = {isa = PBXFileReference; includeInIndex = 1; lastKnownFileType = text.xcconfig; name = "Pods-WoodleBabyTestTask-WoodleBabyTestTaskTests.debug.xcconfig"; path = "Target Support Files/Pods-WoodleBabyTestTask-WoodleBabyTestTaskTests/Pods-WoodleBabyTestTask-WoodleBabyTestTaskTests.debug.xcconfig"; sourceTree = "<group>"; };
		5DCACB8F33CDC322A6C60F78 /* libPods-WoodleBabyTestTask.a */ = {isa = PBXFileReference; explicitFileType = archive.ar; includeInIndex = 0; path = "libPods-WoodleBabyTestTask.a"; sourceTree = BUILT_PRODUCTS_DIR; };
		81AB9BB72411601600AC10FF /* LaunchScreen.storyboard */ = {isa = PBXFileReference; fileEncoding = 4; lastKnownFileType = file.storyboard; name = LaunchScreen.storyboard; path = WoodleBabyTestTask/LaunchScreen.storyboard; sourceTree = "<group>"; };
		89C6BE57DB24E9ADA2F236DE /* Pods-WoodleBabyTestTask-WoodleBabyTestTaskTests.release.xcconfig */ = {isa = PBXFileReference; includeInIndex = 1; lastKnownFileType = text.xcconfig; name = "Pods-WoodleBabyTestTask-WoodleBabyTestTaskTests.release.xcconfig"; path = "Target Support Files/Pods-WoodleBabyTestTask-WoodleBabyTestTaskTests/Pods-WoodleBabyTestTask-WoodleBabyTestTaskTests.release.xcconfig"; sourceTree = "<group>"; };
		ED297162215061F000B7C4FE /* JavaScriptCore.framework */ = {isa = PBXFileReference; lastKnownFileType = wrapper.framework; name = JavaScriptCore.framework; path = System/Library/Frameworks/JavaScriptCore.framework; sourceTree = SDKROOT; };
		63B48D3AA84A4B1B91B592C5 /* Ribeye-Regular.ttf */ = {isa = PBXFileReference; name = "Ribeye-Regular.ttf"; path = "../src/assets/fonts/Ribeye-Regular.ttf"; sourceTree = "<group>"; fileEncoding = undefined; lastKnownFileType = unknown; explicitFileType = undefined; includeInIndex = 0; };
		46A1389D758E47059510D4E3 /* Cabin-Bold.ttf */ = {isa = PBXFileReference; name = "Cabin-Bold.ttf"; path = "../src/assets/fonts/Cabin-Bold.ttf"; sourceTree = "<group>"; fileEncoding = undefined; lastKnownFileType = unknown; explicitFileType = undefined; includeInIndex = 0; };
		5BE272C10CAA49F0AA2A39A1 /* Cabin-BoldItalic.ttf */ = {isa = PBXFileReference; name = "Cabin-BoldItalic.ttf"; path = "../src/assets/fonts/Cabin-BoldItalic.ttf"; sourceTree = "<group>"; fileEncoding = undefined; lastKnownFileType = unknown; explicitFileType = undefined; includeInIndex = 0; };
		6BC1A13687B04101B05F989B /* Cabin-Italic-VariableFont_wdth,wght.ttf */ = {isa = PBXFileReference; name = "Cabin-Italic-VariableFont_wdth,wght.ttf"; path = "../src/assets/fonts/Cabin-Italic-VariableFont_wdth,wght.ttf"; sourceTree = "<group>"; fileEncoding = undefined; lastKnownFileType = unknown; explicitFileType = undefined; includeInIndex = 0; };
		4E4AFD51FA1040A18E33CB22 /* Cabin-Italic.ttf */ = {isa = PBXFileReference; name = "Cabin-Italic.ttf"; path = "../src/assets/fonts/Cabin-Italic.ttf"; sourceTree = "<group>"; fileEncoding = undefined; lastKnownFileType = unknown; explicitFileType = undefined; includeInIndex = 0; };
		0C85FC19F25A45F99C23C9E2 /* Cabin-Medium.ttf */ = {isa = PBXFileReference; name = "Cabin-Medium.ttf"; path = "../src/assets/fonts/Cabin-Medium.ttf"; sourceTree = "<group>"; fileEncoding = undefined; lastKnownFileType = unknown; explicitFileType = undefined; includeInIndex = 0; };
		1EA88E1F63E245ECBF2F26B9 /* Cabin-MediumItalic.ttf */ = {isa = PBXFileReference; name = "Cabin-MediumItalic.ttf"; path = "../src/assets/fonts/Cabin-MediumItalic.ttf"; sourceTree = "<group>"; fileEncoding = undefined; lastKnownFileType = unknown; explicitFileType = undefined; includeInIndex = 0; };
		7C154273939349F3BD8DEE61 /* Cabin-Regular.ttf */ = {isa = PBXFileReference; name = "Cabin-Regular.ttf"; path = "../src/assets/fonts/Cabin-Regular.ttf"; sourceTree = "<group>"; fileEncoding = undefined; lastKnownFileType = unknown; explicitFileType = undefined; includeInIndex = 0; };
		383A6610B1144F7C883787D3 /* Cabin-SemiBold.ttf */ = {isa = PBXFileReference; name = "Cabin-SemiBold.ttf"; path = "../src/assets/fonts/Cabin-SemiBold.ttf"; sourceTree = "<group>"; fileEncoding = undefined; lastKnownFileType = unknown; explicitFileType = undefined; includeInIndex = 0; };
		A205FF466F54406CA8DE5332 /* Cabin-SemiBoldItalic.ttf */ = {isa = PBXFileReference; name = "Cabin-SemiBoldItalic.ttf"; path = "../src/assets/fonts/Cabin-SemiBoldItalic.ttf"; sourceTree = "<group>"; fileEncoding = undefined; lastKnownFileType = unknown; explicitFileType = undefined; includeInIndex = 0; };
		1B38006A7A204EB7970330DD /* Cabin-VariableFont_wdth,wght.ttf */ = {isa = PBXFileReference; name = "Cabin-VariableFont_wdth,wght.ttf"; path = "../src/assets/fonts/Cabin-VariableFont_wdth,wght.ttf"; sourceTree = "<group>"; fileEncoding = undefined; lastKnownFileType = unknown; explicitFileType = undefined; includeInIndex = 0; };
		EBF7B635A586425B926B7007 /* Cabin_Condensed-Bold.ttf */ = {isa = PBXFileReference; name = "Cabin_Condensed-Bold.ttf"; path = "../src/assets/fonts/Cabin_Condensed-Bold.ttf"; sourceTree = "<group>"; fileEncoding = undefined; lastKnownFileType = unknown; explicitFileType = undefined; includeInIndex = 0; };
		6397BA9EFE4747989FB4C23C /* Cabin_Condensed-BoldItalic.ttf */ = {isa = PBXFileReference; name = "Cabin_Condensed-BoldItalic.ttf"; path = "../src/assets/fonts/Cabin_Condensed-BoldItalic.ttf"; sourceTree = "<group>"; fileEncoding = undefined; lastKnownFileType = unknown; explicitFileType = undefined; includeInIndex = 0; };
		37E41FB928F141F19C8E8C75 /* Cabin_Condensed-Italic.ttf */ = {isa = PBXFileReference; name = "Cabin_Condensed-Italic.ttf"; path = "../src/assets/fonts/Cabin_Condensed-Italic.ttf"; sourceTree = "<group>"; fileEncoding = undefined; lastKnownFileType = unknown; explicitFileType = undefined; includeInIndex = 0; };
		4F5A9865C2E948BF9A85B0D9 /* Cabin_Condensed-Medium.ttf */ = {isa = PBXFileReference; name = "Cabin_Condensed-Medium.ttf"; path = "../src/assets/fonts/Cabin_Condensed-Medium.ttf"; sourceTree = "<group>"; fileEncoding = undefined; lastKnownFileType = unknown; explicitFileType = undefined; includeInIndex = 0; };
		9C3F5A98DD89482E8BF8150B /* Cabin_Condensed-MediumItalic.ttf */ = {isa = PBXFileReference; name = "Cabin_Condensed-MediumItalic.ttf"; path = "../src/assets/fonts/Cabin_Condensed-MediumItalic.ttf"; sourceTree = "<group>"; fileEncoding = undefined; lastKnownFileType = unknown; explicitFileType = undefined; includeInIndex = 0; };
		77539177D5F94D7C8A9F809B /* Cabin_Condensed-Regular.ttf */ = {isa = PBXFileReference; name = "Cabin_Condensed-Regular.ttf"; path = "../src/assets/fonts/Cabin_Condensed-Regular.ttf"; sourceTree = "<group>"; fileEncoding = undefined; lastKnownFileType = unknown; explicitFileType = undefined; includeInIndex = 0; };
		E054E65548AC4B1AB7E32971 /* Cabin_Condensed-SemiBold.ttf */ = {isa = PBXFileReference; name = "Cabin_Condensed-SemiBold.ttf"; path = "../src/assets/fonts/Cabin_Condensed-SemiBold.ttf"; sourceTree = "<group>"; fileEncoding = undefined; lastKnownFileType = unknown; explicitFileType = undefined; includeInIndex = 0; };
		CF52942CDC994701B46E462B /* Cabin_Condensed-SemiBoldItalic.ttf */ = {isa = PBXFileReference; name = "Cabin_Condensed-SemiBoldItalic.ttf"; path = "../src/assets/fonts/Cabin_Condensed-SemiBoldItalic.ttf"; sourceTree = "<group>"; fileEncoding = undefined; lastKnownFileType = unknown; explicitFileType = undefined; includeInIndex = 0; };
		162F7BDD554D44E0997D9CB8 /* Cabin_SemiCondensed-Bold.ttf */ = {isa = PBXFileReference; name = "Cabin_SemiCondensed-Bold.ttf"; path = "../src/assets/fonts/Cabin_SemiCondensed-Bold.ttf"; sourceTree = "<group>"; fileEncoding = undefined; lastKnownFileType = unknown; explicitFileType = undefined; includeInIndex = 0; };
		9EDEEC0AECDB4540A64BB4E9 /* Cabin_SemiCondensed-BoldItalic.ttf */ = {isa = PBXFileReference; name = "Cabin_SemiCondensed-BoldItalic.ttf"; path = "../src/assets/fonts/Cabin_SemiCondensed-BoldItalic.ttf"; sourceTree = "<group>"; fileEncoding = undefined; lastKnownFileType = unknown; explicitFileType = undefined; includeInIndex = 0; };
		001E11A682404616A4E6F1FD /* Cabin_SemiCondensed-Italic.ttf */ = {isa = PBXFileReference; name = "Cabin_SemiCondensed-Italic.ttf"; path = "../src/assets/fonts/Cabin_SemiCondensed-Italic.ttf"; sourceTree = "<group>"; fileEncoding = undefined; lastKnownFileType = unknown; explicitFileType = undefined; includeInIndex = 0; };
		80BADEA69DD5493CBB92CCB6 /* Cabin_SemiCondensed-Medium.ttf */ = {isa = PBXFileReference; name = "Cabin_SemiCondensed-Medium.ttf"; path = "../src/assets/fonts/Cabin_SemiCondensed-Medium.ttf"; sourceTree = "<group>"; fileEncoding = undefined; lastKnownFileType = unknown; explicitFileType = undefined; includeInIndex = 0; };
		9125F4D60FFF465699D158AA /* Cabin_SemiCondensed-MediumItalic.ttf */ = {isa = PBXFileReference; name = "Cabin_SemiCondensed-MediumItalic.ttf"; path = "../src/assets/fonts/Cabin_SemiCondensed-MediumItalic.ttf"; sourceTree = "<group>"; fileEncoding = undefined; lastKnownFileType = unknown; explicitFileType = undefined; includeInIndex = 0; };
		B15DFEE429314530B0CDAE20 /* Cabin_SemiCondensed-Regular.ttf */ = {isa = PBXFileReference; name = "Cabin_SemiCondensed-Regular.ttf"; path = "../src/assets/fonts/Cabin_SemiCondensed-Regular.ttf"; sourceTree = "<group>"; fileEncoding = undefined; lastKnownFileType = unknown; explicitFileType = undefined; includeInIndex = 0; };
		B8E63DAEBB524B21BBF5AE6B /* Cabin_SemiCondensed-SemiBold.ttf */ = {isa = PBXFileReference; name = "Cabin_SemiCondensed-SemiBold.ttf"; path = "../src/assets/fonts/Cabin_SemiCondensed-SemiBold.ttf"; sourceTree = "<group>"; fileEncoding = undefined; lastKnownFileType = unknown; explicitFileType = undefined; includeInIndex = 0; };
		C272013CF3614227B4C54C20 /* Cabin_SemiCondensed-SemiBoldItalic.ttf */ = {isa = PBXFileReference; name = "Cabin_SemiCondensed-SemiBoldItalic.ttf"; path = "../src/assets/fonts/Cabin_SemiCondensed-SemiBoldItalic.ttf"; sourceTree = "<group>"; fileEncoding = undefined; lastKnownFileType = unknown; explicitFileType = undefined; includeInIndex = 0; };
		1818CDC1D5114FBEB9D4CFAA /* Roboto-Black.ttf */ = {isa = PBXFileReference; name = "Roboto-Black.ttf"; path = "../src/assets/fonts/Roboto-Black.ttf"; sourceTree = "<group>"; fileEncoding = undefined; lastKnownFileType = unknown; explicitFileType = undefined; includeInIndex = 0; };
		79F27C1D5BD942EDAF16E968 /* Roboto-BlackItalic.ttf */ = {isa = PBXFileReference; name = "Roboto-BlackItalic.ttf"; path = "../src/assets/fonts/Roboto-BlackItalic.ttf"; sourceTree = "<group>"; fileEncoding = undefined; lastKnownFileType = unknown; explicitFileType = undefined; includeInIndex = 0; };
		C472C8F260A849F3818F0AB3 /* Roboto-Bold.ttf */ = {isa = PBXFileReference; name = "Roboto-Bold.ttf"; path = "../src/assets/fonts/Roboto-Bold.ttf"; sourceTree = "<group>"; fileEncoding = undefined; lastKnownFileType = unknown; explicitFileType = undefined; includeInIndex = 0; };
		E65E552FEC414A869FB4CDE3 /* Roboto-BoldItalic.ttf */ = {isa = PBXFileReference; name = "Roboto-BoldItalic.ttf"; path = "../src/assets/fonts/Roboto-BoldItalic.ttf"; sourceTree = "<group>"; fileEncoding = undefined; lastKnownFileType = unknown; explicitFileType = undefined; includeInIndex = 0; };
		BFC5D58E40EE4F9595D7104F /* Roboto-Italic.ttf */ = {isa = PBXFileReference; name = "Roboto-Italic.ttf"; path = "../src/assets/fonts/Roboto-Italic.ttf"; sourceTree = "<group>"; fileEncoding = undefined; lastKnownFileType = unknown; explicitFileType = undefined; includeInIndex = 0; };
		2E9243D853FB4DE08FBCAB6C /* Roboto-Light.ttf */ = {isa = PBXFileReference; name = "Roboto-Light.ttf"; path = "../src/assets/fonts/Roboto-Light.ttf"; sourceTree = "<group>"; fileEncoding = undefined; lastKnownFileType = unknown; explicitFileType = undefined; includeInIndex = 0; };
		A8FF4154D3B74615BA25FDBF /* Roboto-LightItalic.ttf */ = {isa = PBXFileReference; name = "Roboto-LightItalic.ttf"; path = "../src/assets/fonts/Roboto-LightItalic.ttf"; sourceTree = "<group>"; fileEncoding = undefined; lastKnownFileType = unknown; explicitFileType = undefined; includeInIndex = 0; };
		E4CAB0D8E24D47D09280724A /* Roboto-Medium.ttf */ = {isa = PBXFileReference; name = "Roboto-Medium.ttf"; path = "../src/assets/fonts/Roboto-Medium.ttf"; sourceTree = "<group>"; fileEncoding = undefined; lastKnownFileType = unknown; explicitFileType = undefined; includeInIndex = 0; };
		74017700E209460F9F0CA967 /* Roboto-MediumItalic.ttf */ = {isa = PBXFileReference; name = "Roboto-MediumItalic.ttf"; path = "../src/assets/fonts/Roboto-MediumItalic.ttf"; sourceTree = "<group>"; fileEncoding = undefined; lastKnownFileType = unknown; explicitFileType = undefined; includeInIndex = 0; };
		BD77F15F92344EE0A0598A02 /* Roboto-Regular.ttf */ = {isa = PBXFileReference; name = "Roboto-Regular.ttf"; path = "../src/assets/fonts/Roboto-Regular.ttf"; sourceTree = "<group>"; fileEncoding = undefined; lastKnownFileType = unknown; explicitFileType = undefined; includeInIndex = 0; };
		4E3F1B714FD34E5CB6F2481E /* Roboto-Thin.ttf */ = {isa = PBXFileReference; name = "Roboto-Thin.ttf"; path = "../src/assets/fonts/Roboto-Thin.ttf"; sourceTree = "<group>"; fileEncoding = undefined; lastKnownFileType = unknown; explicitFileType = undefined; includeInIndex = 0; };
		A6268366D02A49F78DCB8BCD /* Roboto-ThinItalic.ttf */ = {isa = PBXFileReference; name = "Roboto-ThinItalic.ttf"; path = "../src/assets/fonts/Roboto-ThinItalic.ttf"; sourceTree = "<group>"; fileEncoding = undefined; lastKnownFileType = unknown; explicitFileType = undefined; includeInIndex = 0; };
		57B79F0068844DD5BB092837 /* RussoOne-Regular.ttf */ = {isa = PBXFileReference; name = "RussoOne-Regular.ttf"; path = "../src/assets/fonts/RussoOne-Regular.ttf"; sourceTree = "<group>"; fileEncoding = undefined; lastKnownFileType = unknown; explicitFileType = undefined; includeInIndex = 0; };
/* End PBXFileReference section */

/* Begin PBXFrameworksBuildPhase section */
		00E356EB1AD99517003FC87E /* Frameworks */ = {
			isa = PBXFrameworksBuildPhase;
			buildActionMask = 2147483647;
			files = (
				7699B88040F8A987B510C191 /* libPods-WoodleBabyTestTask-WoodleBabyTestTaskTests.a in Frameworks */,
			);
			runOnlyForDeploymentPostprocessing = 0;
		};
		13B07F8C1A680F5B00A75B9A /* Frameworks */ = {
			isa = PBXFrameworksBuildPhase;
			buildActionMask = 2147483647;
			files = (
				0C80B921A6F3F58F76C31292 /* libPods-WoodleBabyTestTask.a in Frameworks */,
			);
			runOnlyForDeploymentPostprocessing = 0;
		};
/* End PBXFrameworksBuildPhase section */

/* Begin PBXGroup section */
		00E356EF1AD99517003FC87E /* WoodleBabyTestTaskTests */ = {
			isa = PBXGroup;
			children = (
				00E356F21AD99517003FC87E /* WoodleBabyTestTaskTests.m */,
				00E356F01AD99517003FC87E /* Supporting Files */,
			);
			path = WoodleBabyTestTaskTests;
			sourceTree = "<group>";
		};
		00E356F01AD99517003FC87E /* Supporting Files */ = {
			isa = PBXGroup;
			children = (
				00E356F11AD99517003FC87E /* Info.plist */,
			);
			name = "Supporting Files";
			sourceTree = "<group>";
		};
		13B07FAE1A68108700A75B9A /* WoodleBabyTestTask */ = {
			isa = PBXGroup;
			children = (
				13B07FAF1A68108700A75B9A /* AppDelegate.h */,
				13B07FB01A68108700A75B9A /* AppDelegate.mm */,
				13B07FB51A68108700A75B9A /* Images.xcassets */,
				13B07FB61A68108700A75B9A /* Info.plist */,
				81AB9BB72411601600AC10FF /* LaunchScreen.storyboard */,
				13B07FB71A68108700A75B9A /* main.m */,
				13B07FB81A68108700A75B9A /* PrivacyInfo.xcprivacy */,
			);
			name = WoodleBabyTestTask;
			sourceTree = "<group>";
		};
		2D16E6871FA4F8E400B85C8A /* Frameworks */ = {
			isa = PBXGroup;
			children = (
				ED297162215061F000B7C4FE /* JavaScriptCore.framework */,
				5DCACB8F33CDC322A6C60F78 /* libPods-WoodleBabyTestTask.a */,
				19F6CBCC0A4E27FBF8BF4A61 /* libPods-WoodleBabyTestTask-WoodleBabyTestTaskTests.a */,
			);
			name = Frameworks;
			sourceTree = "<group>";
		};
		832341AE1AAA6A7D00B99B32 /* Libraries */ = {
			isa = PBXGroup;
			children = (
			);
			name = Libraries;
			sourceTree = "<group>";
		};
		83CBB9F61A601CBA00E9B192 = {
			isa = PBXGroup;
			children = (
				13B07FAE1A68108700A75B9A /* WoodleBabyTestTask */,
				832341AE1AAA6A7D00B99B32 /* Libraries */,
				00E356EF1AD99517003FC87E /* WoodleBabyTestTaskTests */,
				83CBBA001A601CBA00E9B192 /* Products */,
				2D16E6871FA4F8E400B85C8A /* Frameworks */,
				BBD78D7AC51CEA395F1C20DB /* Pods */,
				21035C3FC2ED42C8A169EB3C /* Resources */,
			);
			indentWidth = 2;
			sourceTree = "<group>";
			tabWidth = 2;
			usesTabs = 0;
		};
		83CBBA001A601CBA00E9B192 /* Products */ = {
			isa = PBXGroup;
			children = (
				13B07F961A680F5B00A75B9A /* WoodleBabyTestTask.app */,
				00E356EE1AD99517003FC87E /* WoodleBabyTestTaskTests.xctest */,
			);
			name = Products;
			sourceTree = "<group>";
		};
		BBD78D7AC51CEA395F1C20DB /* Pods */ = {
			isa = PBXGroup;
			children = (
				3B4392A12AC88292D35C810B /* Pods-WoodleBabyTestTask.debug.xcconfig */,
				5709B34CF0A7D63546082F79 /* Pods-WoodleBabyTestTask.release.xcconfig */,
				5B7EB9410499542E8C5724F5 /* Pods-WoodleBabyTestTask-WoodleBabyTestTaskTests.debug.xcconfig */,
				89C6BE57DB24E9ADA2F236DE /* Pods-WoodleBabyTestTask-WoodleBabyTestTaskTests.release.xcconfig */,
			);
			path = Pods;
			sourceTree = "<group>";
		};
		21035C3FC2ED42C8A169EB3C /* Resources */ = {
			isa = "PBXGroup";
			children = (
				63B48D3AA84A4B1B91B592C5 /* Ribeye-Regular.ttf */,
				46A1389D758E47059510D4E3 /* Cabin-Bold.ttf */,
				5BE272C10CAA49F0AA2A39A1 /* Cabin-BoldItalic.ttf */,
				6BC1A13687B04101B05F989B /* Cabin-Italic-VariableFont_wdth,wght.ttf */,
				4E4AFD51FA1040A18E33CB22 /* Cabin-Italic.ttf */,
				0C85FC19F25A45F99C23C9E2 /* Cabin-Medium.ttf */,
				1EA88E1F63E245ECBF2F26B9 /* Cabin-MediumItalic.ttf */,
				7C154273939349F3BD8DEE61 /* Cabin-Regular.ttf */,
				383A6610B1144F7C883787D3 /* Cabin-SemiBold.ttf */,
				A205FF466F54406CA8DE5332 /* Cabin-SemiBoldItalic.ttf */,
				1B38006A7A204EB7970330DD /* Cabin-VariableFont_wdth,wght.ttf */,
				EBF7B635A586425B926B7007 /* Cabin_Condensed-Bold.ttf */,
				6397BA9EFE4747989FB4C23C /* Cabin_Condensed-BoldItalic.ttf */,
				37E41FB928F141F19C8E8C75 /* Cabin_Condensed-Italic.ttf */,
				4F5A9865C2E948BF9A85B0D9 /* Cabin_Condensed-Medium.ttf */,
				9C3F5A98DD89482E8BF8150B /* Cabin_Condensed-MediumItalic.ttf */,
				77539177D5F94D7C8A9F809B /* Cabin_Condensed-Regular.ttf */,
				E054E65548AC4B1AB7E32971 /* Cabin_Condensed-SemiBold.ttf */,
				CF52942CDC994701B46E462B /* Cabin_Condensed-SemiBoldItalic.ttf */,
				162F7BDD554D44E0997D9CB8 /* Cabin_SemiCondensed-Bold.ttf */,
				9EDEEC0AECDB4540A64BB4E9 /* Cabin_SemiCondensed-BoldItalic.ttf */,
				001E11A682404616A4E6F1FD /* Cabin_SemiCondensed-Italic.ttf */,
				80BADEA69DD5493CBB92CCB6 /* Cabin_SemiCondensed-Medium.ttf */,
				9125F4D60FFF465699D158AA /* Cabin_SemiCondensed-MediumItalic.ttf */,
				B15DFEE429314530B0CDAE20 /* Cabin_SemiCondensed-Regular.ttf */,
				B8E63DAEBB524B21BBF5AE6B /* Cabin_SemiCondensed-SemiBold.ttf */,
				C272013CF3614227B4C54C20 /* Cabin_SemiCondensed-SemiBoldItalic.ttf */,
				1818CDC1D5114FBEB9D4CFAA /* Roboto-Black.ttf */,
				79F27C1D5BD942EDAF16E968 /* Roboto-BlackItalic.ttf */,
				C472C8F260A849F3818F0AB3 /* Roboto-Bold.ttf */,
				E65E552FEC414A869FB4CDE3 /* Roboto-BoldItalic.ttf */,
				BFC5D58E40EE4F9595D7104F /* Roboto-Italic.ttf */,
				2E9243D853FB4DE08FBCAB6C /* Roboto-Light.ttf */,
				A8FF4154D3B74615BA25FDBF /* Roboto-LightItalic.ttf */,
				E4CAB0D8E24D47D09280724A /* Roboto-Medium.ttf */,
				74017700E209460F9F0CA967 /* Roboto-MediumItalic.ttf */,
				BD77F15F92344EE0A0598A02 /* Roboto-Regular.ttf */,
				4E3F1B714FD34E5CB6F2481E /* Roboto-Thin.ttf */,
				A6268366D02A49F78DCB8BCD /* Roboto-ThinItalic.ttf */,
				57B79F0068844DD5BB092837 /* RussoOne-Regular.ttf */,
			);
			name = Resources;
			sourceTree = "<group>";
			path = "";
		};
/* End PBXGroup section */

/* Begin PBXNativeTarget section */
		00E356ED1AD99517003FC87E /* WoodleBabyTestTaskTests */ = {
			isa = PBXNativeTarget;
			buildConfigurationList = 00E357021AD99517003FC87E /* Build configuration list for PBXNativeTarget "WoodleBabyTestTaskTests" */;
			buildPhases = (
				A55EABD7B0C7F3A422A6CC61 /* [CP] Check Pods Manifest.lock */,
				00E356EA1AD99517003FC87E /* Sources */,
				00E356EB1AD99517003FC87E /* Frameworks */,
				00E356EC1AD99517003FC87E /* Resources */,
				C59DA0FBD6956966B86A3779 /* [CP] Embed Pods Frameworks */,
				F6A41C54EA430FDDC6A6ED99 /* [CP] Copy Pods Resources */,
			);
			buildRules = (
			);
			dependencies = (
				00E356F51AD99517003FC87E /* PBXTargetDependency */,
			);
			name = WoodleBabyTestTaskTests;
			productName = WoodleBabyTestTaskTests;
			productReference = 00E356EE1AD99517003FC87E /* WoodleBabyTestTaskTests.xctest */;
			productType = "com.apple.product-type.bundle.unit-test";
		};
		13B07F861A680F5B00A75B9A /* WoodleBabyTestTask */ = {
			isa = PBXNativeTarget;
			buildConfigurationList = 13B07F931A680F5B00A75B9A /* Build configuration list for PBXNativeTarget "WoodleBabyTestTask" */;
			buildPhases = (
				C38B50BA6285516D6DCD4F65 /* [CP] Check Pods Manifest.lock */,
				13B07F871A680F5B00A75B9A /* Sources */,
				13B07F8C1A680F5B00A75B9A /* Frameworks */,
				13B07F8E1A680F5B00A75B9A /* Resources */,
				00DD1BFF1BD5951E006B06BC /* Bundle React Native code and images */,
				00EEFC60759A1932668264C0 /* [CP] Embed Pods Frameworks */,
				E235C05ADACE081382539298 /* [CP] Copy Pods Resources */,
			);
			buildRules = (
			);
			dependencies = (
			);
			name = WoodleBabyTestTask;
			productName = WoodleBabyTestTask;
			productReference = 13B07F961A680F5B00A75B9A /* WoodleBabyTestTask.app */;
			productType = "com.apple.product-type.application";
		};
/* End PBXNativeTarget section */

/* Begin PBXProject section */
		83CBB9F71A601CBA00E9B192 /* Project object */ = {
			isa = PBXProject;
			attributes = {
				LastUpgradeCheck = 1210;
				TargetAttributes = {
					00E356ED1AD99517003FC87E = {
						CreatedOnToolsVersion = 6.2;
						TestTargetID = 13B07F861A680F5B00A75B9A;
					};
					13B07F861A680F5B00A75B9A = {
						LastSwiftMigration = 1120;
					};
				};
			};
			buildConfigurationList = 83CBB9FA1A601CBA00E9B192 /* Build configuration list for PBXProject "WoodleBabyTestTask" */;
			compatibilityVersion = "Xcode 12.0";
			developmentRegion = en;
			hasScannedForEncodings = 0;
			knownRegions = (
				en,
				Base,
			);
			mainGroup = 83CBB9F61A601CBA00E9B192;
			productRefGroup = 83CBBA001A601CBA00E9B192 /* Products */;
			projectDirPath = "";
			projectRoot = "";
			targets = (
				13B07F861A680F5B00A75B9A /* WoodleBabyTestTask */,
				00E356ED1AD99517003FC87E /* WoodleBabyTestTaskTests */,
			);
		};
/* End PBXProject section */

/* Begin PBXResourcesBuildPhase section */
		00E356EC1AD99517003FC87E /* Resources */ = {
			isa = PBXResourcesBuildPhase;
			buildActionMask = 2147483647;
			files = (
			);
			runOnlyForDeploymentPostprocessing = 0;
		};
		13B07F8E1A680F5B00A75B9A /* Resources */ = {
			isa = PBXResourcesBuildPhase;
			buildActionMask = 2147483647;
			files = (
				81AB9BB82411601600AC10FF /* LaunchScreen.storyboard in Resources */,
				13B07FBF1A68108700A75B9A /* Images.xcassets in Resources */,
				FA77A8CB99A04BB9675A6193 /* PrivacyInfo.xcprivacy in Resources */,
				B129B3AB3118485B8D62D682 /* Ribeye-Regular.ttf in Resources */,
				63D7BD67B29C4C48ABFD4597 /* Cabin-Bold.ttf in Resources */,
				B7624F8A79494809AB85C429 /* Cabin-BoldItalic.ttf in Resources */,
				1358BE47A10E4EDC9E825B74 /* Cabin-Italic-VariableFont_wdth,wght.ttf in Resources */,
				EA101D903CDA461B82EDB7D3 /* Cabin-Italic.ttf in Resources */,
				1194661A409C4B57A1B95B40 /* Cabin-Medium.ttf in Resources */,
				F5A5CBE2E73A411EAFC0EAEF /* Cabin-MediumItalic.ttf in Resources */,
				2F2BBCF6BE9142C48B46771B /* Cabin-Regular.ttf in Resources */,
				835F2DADAA664075B54BC21F /* Cabin-SemiBold.ttf in Resources */,
				EE7F1B681C084101A5DF4BD7 /* Cabin-SemiBoldItalic.ttf in Resources */,
				6232693A4CFE4002AFA67DC7 /* Cabin-VariableFont_wdth,wght.ttf in Resources */,
				7E1E7078A8564A4FAFB27DA3 /* Cabin_Condensed-Bold.ttf in Resources */,
				148CD46D84CD4AAE884AB936 /* Cabin_Condensed-BoldItalic.ttf in Resources */,
				3950EE5B225F4C9183C042D3 /* Cabin_Condensed-Italic.ttf in Resources */,
				39D4096592394795A3581BA6 /* Cabin_Condensed-Medium.ttf in Resources */,
				DDA9F5582C91424EB5EAE1CA /* Cabin_Condensed-MediumItalic.ttf in Resources */,
				683DAE50FEB949EF8AA478B9 /* Cabin_Condensed-Regular.ttf in Resources */,
				FF6C5D4837C64EE9B0A6D9EA /* Cabin_Condensed-SemiBold.ttf in Resources */,
				25D5B32D02374B1796D4D562 /* Cabin_Condensed-SemiBoldItalic.ttf in Resources */,
				E5C5C80EBB4642CBB8445A12 /* Cabin_SemiCondensed-Bold.ttf in Resources */,
				10875975B2B94B47A946CEBA /* Cabin_SemiCondensed-BoldItalic.ttf in Resources */,
				2B1CAE55BB4946D6A847065A /* Cabin_SemiCondensed-Italic.ttf in Resources */,
				AC25DBF23711432C880BD43C /* Cabin_SemiCondensed-Medium.ttf in Resources */,
				7BF12A2CA566464FA2A473FF /* Cabin_SemiCondensed-MediumItalic.ttf in Resources */,
				5038F62C6C5743DD9E3AAE71 /* Cabin_SemiCondensed-Regular.ttf in Resources */,
				68B2069A27CE4B4D87B1748E /* Cabin_SemiCondensed-SemiBold.ttf in Resources */,
				0C0BF0D61A9745098BD6FE8B /* Cabin_SemiCondensed-SemiBoldItalic.ttf in Resources */,
				2CCBAA3F879847A58493C76B /* Roboto-Black.ttf in Resources */,
				738DE380B1FD4E548DCD0AF9 /* Roboto-BlackItalic.ttf in Resources */,
				554F412514324475925963C8 /* Roboto-Bold.ttf in Resources */,
				0B6894D1B5674D458F909F56 /* Roboto-BoldItalic.ttf in Resources */,
				227C5382F9DD4BEA850EFD8B /* Roboto-Italic.ttf in Resources */,
				0C976E2EF6E4489CA1AD88F1 /* Roboto-Light.ttf in Resources */,
				77F5373544CA440B9FAE76F2 /* Roboto-LightItalic.ttf in Resources */,
				2E61AD095B07467E95F862BE /* Roboto-Medium.ttf in Resources */,
				AF3F4E41F07B43B081153F8F /* Roboto-MediumItalic.ttf in Resources */,
				22F1ADB491504B15A5A0D077 /* Roboto-Regular.ttf in Resources */,
				28E7472FC2634D0FBF610771 /* Roboto-Thin.ttf in Resources */,
				9CEEBB0E78F645B181B352A5 /* Roboto-ThinItalic.ttf in Resources */,
				0874C6366DEE470C94DB27C9 /* RussoOne-Regular.ttf in Resources */,
			);
			runOnlyForDeploymentPostprocessing = 0;
		};
/* End PBXResourcesBuildPhase section */

/* Begin PBXShellScriptBuildPhase section */
		00DD1BFF1BD5951E006B06BC /* Bundle React Native code and images */ = {
			isa = PBXShellScriptBuildPhase;
			buildActionMask = 2147483647;
			files = (
			);
			inputPaths = (
				"$(SRCROOT)/.xcode.env.local",
				"$(SRCROOT)/.xcode.env",
			);
			name = "Bundle React Native code and images";
			outputPaths = (
			);
			runOnlyForDeploymentPostprocessing = 0;
			shellPath = /bin/sh;
			shellScript = "set -e\n\nWITH_ENVIRONMENT=\"$REACT_NATIVE_PATH/scripts/xcode/with-environment.sh\"\nREACT_NATIVE_XCODE=\"$REACT_NATIVE_PATH/scripts/react-native-xcode.sh\"\n\n/bin/sh -c \"$WITH_ENVIRONMENT $REACT_NATIVE_XCODE\"\n";
		};
		00EEFC60759A1932668264C0 /* [CP] Embed Pods Frameworks */ = {
			isa = PBXShellScriptBuildPhase;
			buildActionMask = 2147483647;
			files = (
			);
			inputFileListPaths = (
				"${PODS_ROOT}/Target Support Files/Pods-WoodleBabyTestTask/Pods-WoodleBabyTestTask-frameworks-${CONFIGURATION}-input-files.xcfilelist",
			);
			name = "[CP] Embed Pods Frameworks";
			outputFileListPaths = (
				"${PODS_ROOT}/Target Support Files/Pods-WoodleBabyTestTask/Pods-WoodleBabyTestTask-frameworks-${CONFIGURATION}-output-files.xcfilelist",
			);
			runOnlyForDeploymentPostprocessing = 0;
			shellPath = /bin/sh;
			shellScript = "\"${PODS_ROOT}/Target Support Files/Pods-WoodleBabyTestTask/Pods-WoodleBabyTestTask-frameworks.sh\"\n";
			showEnvVarsInLog = 0;
		};
		A55EABD7B0C7F3A422A6CC61 /* [CP] Check Pods Manifest.lock */ = {
			isa = PBXShellScriptBuildPhase;
			buildActionMask = 2147483647;
			files = (
			);
			inputFileListPaths = (
			);
			inputPaths = (
				"${PODS_PODFILE_DIR_PATH}/Podfile.lock",
				"${PODS_ROOT}/Manifest.lock",
			);
			name = "[CP] Check Pods Manifest.lock";
			outputFileListPaths = (
			);
			outputPaths = (
				"$(DERIVED_FILE_DIR)/Pods-WoodleBabyTestTask-WoodleBabyTestTaskTests-checkManifestLockResult.txt",
			);
			runOnlyForDeploymentPostprocessing = 0;
			shellPath = /bin/sh;
			shellScript = "diff \"${PODS_PODFILE_DIR_PATH}/Podfile.lock\" \"${PODS_ROOT}/Manifest.lock\" > /dev/null\nif [ $? != 0 ] ; then\n    # print error to STDERR\n    echo \"error: The sandbox is not in sync with the Podfile.lock. Run 'pod install' or update your CocoaPods installation.\" >&2\n    exit 1\nfi\n# This output is used by Xcode 'outputs' to avoid re-running this script phase.\necho \"SUCCESS\" > \"${SCRIPT_OUTPUT_FILE_0}\"\n";
			showEnvVarsInLog = 0;
		};
		C38B50BA6285516D6DCD4F65 /* [CP] Check Pods Manifest.lock */ = {
			isa = PBXShellScriptBuildPhase;
			buildActionMask = 2147483647;
			files = (
			);
			inputFileListPaths = (
			);
			inputPaths = (
				"${PODS_PODFILE_DIR_PATH}/Podfile.lock",
				"${PODS_ROOT}/Manifest.lock",
			);
			name = "[CP] Check Pods Manifest.lock";
			outputFileListPaths = (
			);
			outputPaths = (
				"$(DERIVED_FILE_DIR)/Pods-WoodleBabyTestTask-checkManifestLockResult.txt",
			);
			runOnlyForDeploymentPostprocessing = 0;
			shellPath = /bin/sh;
			shellScript = "diff \"${PODS_PODFILE_DIR_PATH}/Podfile.lock\" \"${PODS_ROOT}/Manifest.lock\" > /dev/null\nif [ $? != 0 ] ; then\n    # print error to STDERR\n    echo \"error: The sandbox is not in sync with the Podfile.lock. Run 'pod install' or update your CocoaPods installation.\" >&2\n    exit 1\nfi\n# This output is used by Xcode 'outputs' to avoid re-running this script phase.\necho \"SUCCESS\" > \"${SCRIPT_OUTPUT_FILE_0}\"\n";
			showEnvVarsInLog = 0;
		};
		C59DA0FBD6956966B86A3779 /* [CP] Embed Pods Frameworks */ = {
			isa = PBXShellScriptBuildPhase;
			buildActionMask = 2147483647;
			files = (
			);
			inputFileListPaths = (
				"${PODS_ROOT}/Target Support Files/Pods-WoodleBabyTestTask-WoodleBabyTestTaskTests/Pods-WoodleBabyTestTask-WoodleBabyTestTaskTests-frameworks-${CONFIGURATION}-input-files.xcfilelist",
			);
			name = "[CP] Embed Pods Frameworks";
			outputFileListPaths = (
				"${PODS_ROOT}/Target Support Files/Pods-WoodleBabyTestTask-WoodleBabyTestTaskTests/Pods-WoodleBabyTestTask-WoodleBabyTestTaskTests-frameworks-${CONFIGURATION}-output-files.xcfilelist",
			);
			runOnlyForDeploymentPostprocessing = 0;
			shellPath = /bin/sh;
			shellScript = "\"${PODS_ROOT}/Target Support Files/Pods-WoodleBabyTestTask-WoodleBabyTestTaskTests/Pods-WoodleBabyTestTask-WoodleBabyTestTaskTests-frameworks.sh\"\n";
			showEnvVarsInLog = 0;
		};
		E235C05ADACE081382539298 /* [CP] Copy Pods Resources */ = {
			isa = PBXShellScriptBuildPhase;
			buildActionMask = 2147483647;
			files = (
			);
			inputFileListPaths = (
				"${PODS_ROOT}/Target Support Files/Pods-WoodleBabyTestTask/Pods-WoodleBabyTestTask-resources-${CONFIGURATION}-input-files.xcfilelist",
			);
			name = "[CP] Copy Pods Resources";
			outputFileListPaths = (
				"${PODS_ROOT}/Target Support Files/Pods-WoodleBabyTestTask/Pods-WoodleBabyTestTask-resources-${CONFIGURATION}-output-files.xcfilelist",
			);
			runOnlyForDeploymentPostprocessing = 0;
			shellPath = /bin/sh;
			shellScript = "\"${PODS_ROOT}/Target Support Files/Pods-WoodleBabyTestTask/Pods-WoodleBabyTestTask-resources.sh\"\n";
			showEnvVarsInLog = 0;
		};
		F6A41C54EA430FDDC6A6ED99 /* [CP] Copy Pods Resources */ = {
			isa = PBXShellScriptBuildPhase;
			buildActionMask = 2147483647;
			files = (
			);
			inputFileListPaths = (
				"${PODS_ROOT}/Target Support Files/Pods-WoodleBabyTestTask-WoodleBabyTestTaskTests/Pods-WoodleBabyTestTask-WoodleBabyTestTaskTests-resources-${CONFIGURATION}-input-files.xcfilelist",
			);
			name = "[CP] Copy Pods Resources";
			outputFileListPaths = (
				"${PODS_ROOT}/Target Support Files/Pods-WoodleBabyTestTask-WoodleBabyTestTaskTests/Pods-WoodleBabyTestTask-WoodleBabyTestTaskTests-resources-${CONFIGURATION}-output-files.xcfilelist",
			);
			runOnlyForDeploymentPostprocessing = 0;
			shellPath = /bin/sh;
			shellScript = "\"${PODS_ROOT}/Target Support Files/Pods-WoodleBabyTestTask-WoodleBabyTestTaskTests/Pods-WoodleBabyTestTask-WoodleBabyTestTaskTests-resources.sh\"\n";
			showEnvVarsInLog = 0;
		};
/* End PBXShellScriptBuildPhase section */

/* Begin PBXSourcesBuildPhase section */
		00E356EA1AD99517003FC87E /* Sources */ = {
			isa = PBXSourcesBuildPhase;
			buildActionMask = 2147483647;
			files = (
				00E356F31AD99517003FC87E /* WoodleBabyTestTaskTests.m in Sources */,
			);
			runOnlyForDeploymentPostprocessing = 0;
		};
		13B07F871A680F5B00A75B9A /* Sources */ = {
			isa = PBXSourcesBuildPhase;
			buildActionMask = 2147483647;
			files = (
				13B07FBC1A68108700A75B9A /* AppDelegate.mm in Sources */,
				13B07FC11A68108700A75B9A /* main.m in Sources */,
			);
			runOnlyForDeploymentPostprocessing = 0;
		};
/* End PBXSourcesBuildPhase section */

/* Begin PBXTargetDependency section */
		00E356F51AD99517003FC87E /* PBXTargetDependency */ = {
			isa = PBXTargetDependency;
			target = 13B07F861A680F5B00A75B9A /* WoodleBabyTestTask */;
			targetProxy = 00E356F41AD99517003FC87E /* PBXContainerItemProxy */;
		};
/* End PBXTargetDependency section */

/* Begin XCBuildConfiguration section */
		00E356F61AD99517003FC87E /* Debug */ = {
			isa = XCBuildConfiguration;
			baseConfigurationReference = 5B7EB9410499542E8C5724F5 /* Pods-WoodleBabyTestTask-WoodleBabyTestTaskTests.debug.xcconfig */;
			buildSettings = {
				BUNDLE_LOADER = "$(TEST_HOST)";
				GCC_PREPROCESSOR_DEFINITIONS = (
					"DEBUG=1",
					"$(inherited)",
				);
				INFOPLIST_FILE = WoodleBabyTestTaskTests/Info.plist;
				IPHONEOS_DEPLOYMENT_TARGET = 15.1;
				LD_RUNPATH_SEARCH_PATHS = (
					"$(inherited)",
					"@executable_path/Frameworks",
					"@loader_path/Frameworks",
				);
				OTHER_LDFLAGS = (
					"-ObjC",
					"-lc++",
					"$(inherited)",
				);
				PRODUCT_BUNDLE_IDENTIFIER = "org.reactjs.native.example.$(PRODUCT_NAME:rfc1034identifier)";
				PRODUCT_NAME = "$(TARGET_NAME)";
				TEST_HOST = "$(BUILT_PRODUCTS_DIR)/WoodleBabyTestTask.app/WoodleBabyTestTask";
			};
			name = Debug;
		};
		00E356F71AD99517003FC87E /* Release */ = {
			isa = XCBuildConfiguration;
			baseConfigurationReference = 89C6BE57DB24E9ADA2F236DE /* Pods-WoodleBabyTestTask-WoodleBabyTestTaskTests.release.xcconfig */;
			buildSettings = {
				BUNDLE_LOADER = "$(TEST_HOST)";
				COPY_PHASE_STRIP = NO;
				INFOPLIST_FILE = WoodleBabyTestTaskTests/Info.plist;
				IPHONEOS_DEPLOYMENT_TARGET = 15.1;
				LD_RUNPATH_SEARCH_PATHS = (
					"$(inherited)",
					"@executable_path/Frameworks",
					"@loader_path/Frameworks",
				);
				OTHER_LDFLAGS = (
					"-ObjC",
					"-lc++",
					"$(inherited)",
				);
				PRODUCT_BUNDLE_IDENTIFIER = "org.reactjs.native.example.$(PRODUCT_NAME:rfc1034identifier)";
				PRODUCT_NAME = "$(TARGET_NAME)";
				TEST_HOST = "$(BUILT_PRODUCTS_DIR)/WoodleBabyTestTask.app/WoodleBabyTestTask";
			};
			name = Release;
		};
		13B07F941A680F5B00A75B9A /* Debug */ = {
			isa = XCBuildConfiguration;
			baseConfigurationReference = 3B4392A12AC88292D35C810B /* Pods-WoodleBabyTestTask.debug.xcconfig */;
			buildSettings = {
				ASSETCATALOG_COMPILER_APPICON_NAME = AppIcon;
				CLANG_ENABLE_MODULES = YES;
				CURRENT_PROJECT_VERSION = 1;
				ENABLE_BITCODE = NO;
				INFOPLIST_FILE = WoodleBabyTestTask/Info.plist;
				IPHONEOS_DEPLOYMENT_TARGET = 15.1;
				LD_RUNPATH_SEARCH_PATHS = (
					"$(inherited)",
					"@executable_path/Frameworks",
				);
				MARKETING_VERSION = 1.0;
				OTHER_LDFLAGS = (
					"$(inherited)",
					"-ObjC",
					"-lc++",
				);
				PRODUCT_BUNDLE_IDENTIFIER = "org.reactjs.native.example.$(PRODUCT_NAME:rfc1034identifier)";
				PRODUCT_NAME = WoodleBabyTestTask;
				SWIFT_OPTIMIZATION_LEVEL = "-Onone";
				SWIFT_VERSION = 5.0;
				VERSIONING_SYSTEM = "apple-generic";
			};
			name = Debug;
		};
		13B07F951A680F5B00A75B9A /* Release */ = {
			isa = XCBuildConfiguration;
			baseConfigurationReference = 5709B34CF0A7D63546082F79 /* Pods-WoodleBabyTestTask.release.xcconfig */;
			buildSettings = {
				ASSETCATALOG_COMPILER_APPICON_NAME = AppIcon;
				CLANG_ENABLE_MODULES = YES;
				CURRENT_PROJECT_VERSION = 1;
				INFOPLIST_FILE = WoodleBabyTestTask/Info.plist;
				IPHONEOS_DEPLOYMENT_TARGET = 15.1;
				LD_RUNPATH_SEARCH_PATHS = (
					"$(inherited)",
					"@executable_path/Frameworks",
				);
				MARKETING_VERSION = 1.0;
				OTHER_LDFLAGS = (
					"$(inherited)",
					"-ObjC",
					"-lc++",
				);
				PRODUCT_BUNDLE_IDENTIFIER = "org.reactjs.native.example.$(PRODUCT_NAME:rfc1034identifier)";
				PRODUCT_NAME = WoodleBabyTestTask;
				SWIFT_VERSION = 5.0;
				VERSIONING_SYSTEM = "apple-generic";
			};
			name = Release;
		};
		83CBBA201A601CBA00E9B192 /* Debug */ = {
			isa = XCBuildConfiguration;
			buildSettings = {
				ALWAYS_SEARCH_USER_PATHS = NO;
				CLANG_ANALYZER_LOCALIZABILITY_NONLOCALIZED = YES;
				CLANG_CXX_LANGUAGE_STANDARD = "c++20";
				CLANG_CXX_LIBRARY = "libc++";
				CLANG_ENABLE_MODULES = YES;
				CLANG_ENABLE_OBJC_ARC = YES;
				CLANG_WARN_BLOCK_CAPTURE_AUTORELEASING = YES;
				CLANG_WARN_BOOL_CONVERSION = YES;
				CLANG_WARN_COMMA = YES;
				CLANG_WARN_CONSTANT_CONVERSION = YES;
				CLANG_WARN_DEPRECATED_OBJC_IMPLEMENTATIONS = YES;
				CLANG_WARN_DIRECT_OBJC_ISA_USAGE = YES_ERROR;
				CLANG_WARN_EMPTY_BODY = YES;
				CLANG_WARN_ENUM_CONVERSION = YES;
				CLANG_WARN_INFINITE_RECURSION = YES;
				CLANG_WARN_INT_CONVERSION = YES;
				CLANG_WARN_NON_LITERAL_NULL_CONVERSION = YES;
				CLANG_WARN_OBJC_IMPLICIT_RETAIN_SELF = YES;
				CLANG_WARN_OBJC_LITERAL_CONVERSION = YES;
				CLANG_WARN_OBJC_ROOT_CLASS = YES_ERROR;
				CLANG_WARN_QUOTED_INCLUDE_IN_FRAMEWORK_HEADER = YES;
				CLANG_WARN_RANGE_LOOP_ANALYSIS = YES;
				CLANG_WARN_STRICT_PROTOTYPES = YES;
				CLANG_WARN_SUSPICIOUS_MOVE = YES;
				CLANG_WARN_UNREACHABLE_CODE = YES;
				CLANG_WARN__DUPLICATE_METHOD_MATCH = YES;
				"CODE_SIGN_IDENTITY[sdk=iphoneos*]" = "iPhone Developer";
				COPY_PHASE_STRIP = NO;
				ENABLE_STRICT_OBJC_MSGSEND = YES;
				ENABLE_TESTABILITY = YES;
				"EXCLUDED_ARCHS[sdk=iphonesimulator*]" = "";
				GCC_C_LANGUAGE_STANDARD = gnu99;
				GCC_DYNAMIC_NO_PIC = NO;
				GCC_NO_COMMON_BLOCKS = YES;
				GCC_OPTIMIZATION_LEVEL = 0;
				GCC_PREPROCESSOR_DEFINITIONS = (
					"DEBUG=1",
					"$(inherited)",
				);
				GCC_SYMBOLS_PRIVATE_EXTERN = NO;
				GCC_WARN_64_TO_32_BIT_CONVERSION = YES;
				GCC_WARN_ABOUT_RETURN_TYPE = YES_ERROR;
				GCC_WARN_UNDECLARED_SELECTOR = YES;
				GCC_WARN_UNINITIALIZED_AUTOS = YES_AGGRESSIVE;
				GCC_WARN_UNUSED_FUNCTION = YES;
				GCC_WARN_UNUSED_VARIABLE = YES;
				IPHONEOS_DEPLOYMENT_TARGET = 15.1;
				LD_RUNPATH_SEARCH_PATHS = (
					/usr/lib/swift,
					"$(inherited)",
				);
				LIBRARY_SEARCH_PATHS = (
					"\"$(SDKROOT)/usr/lib/swift\"",
					"\"$(TOOLCHAIN_DIR)/usr/lib/swift/$(PLATFORM_NAME)\"",
					"\"$(inherited)\"",
				);
				MTL_ENABLE_DEBUG_INFO = YES;
				ONLY_ACTIVE_ARCH = YES;
				OTHER_CPLUSPLUSFLAGS = (
					"$(OTHER_CFLAGS)",
					"-DFOLLY_NO_CONFIG",
					"-DFOLLY_MOBILE=1",
					"-DFOLLY_USE_LIBCPP=1",
					"-DFOLLY_CFG_NO_COROUTINES=1",
					"-DFOLLY_HAVE_CLOCK_GETTIME=1",
				);
				OTHER_LDFLAGS = (
					"$(inherited)",
					" ",
				);
				REACT_NATIVE_PATH = "${PODS_ROOT}/../../node_modules/react-native";
				SDKROOT = iphoneos;
				SWIFT_ACTIVE_COMPILATION_CONDITIONS = "$(inherited) DEBUG";
				USE_HERMES = true;
			};
			name = Debug;
		};
		83CBBA211A601CBA00E9B192 /* Release */ = {
			isa = XCBuildConfiguration;
			buildSettings = {
				ALWAYS_SEARCH_USER_PATHS = NO;
				CLANG_ANALYZER_LOCALIZABILITY_NONLOCALIZED = YES;
				CLANG_CXX_LANGUAGE_STANDARD = "c++20";
				CLANG_CXX_LIBRARY = "libc++";
				CLANG_ENABLE_MODULES = YES;
				CLANG_ENABLE_OBJC_ARC = YES;
				CLANG_WARN_BLOCK_CAPTURE_AUTORELEASING = YES;
				CLANG_WARN_BOOL_CONVERSION = YES;
				CLANG_WARN_COMMA = YES;
				CLANG_WARN_CONSTANT_CONVERSION = YES;
				CLANG_WARN_DEPRECATED_OBJC_IMPLEMENTATIONS = YES;
				CLANG_WARN_DIRECT_OBJC_ISA_USAGE = YES_ERROR;
				CLANG_WARN_EMPTY_BODY = YES;
				CLANG_WARN_ENUM_CONVERSION = YES;
				CLANG_WARN_INFINITE_RECURSION = YES;
				CLANG_WARN_INT_CONVERSION = YES;
				CLANG_WARN_NON_LITERAL_NULL_CONVERSION = YES;
				CLANG_WARN_OBJC_IMPLICIT_RETAIN_SELF = YES;
				CLANG_WARN_OBJC_LITERAL_CONVERSION = YES;
				CLANG_WARN_OBJC_ROOT_CLASS = YES_ERROR;
				CLANG_WARN_QUOTED_INCLUDE_IN_FRAMEWORK_HEADER = YES;
				CLANG_WARN_RANGE_LOOP_ANALYSIS = YES;
				CLANG_WARN_STRICT_PROTOTYPES = YES;
				CLANG_WARN_SUSPICIOUS_MOVE = YES;
				CLANG_WARN_UNREACHABLE_CODE = YES;
				CLANG_WARN__DUPLICATE_METHOD_MATCH = YES;
				"CODE_SIGN_IDENTITY[sdk=iphoneos*]" = "iPhone Developer";
				COPY_PHASE_STRIP = YES;
				ENABLE_NS_ASSERTIONS = NO;
				ENABLE_STRICT_OBJC_MSGSEND = YES;
				"EXCLUDED_ARCHS[sdk=iphonesimulator*]" = "";
				GCC_C_LANGUAGE_STANDARD = gnu99;
				GCC_NO_COMMON_BLOCKS = YES;
				GCC_WARN_64_TO_32_BIT_CONVERSION = YES;
				GCC_WARN_ABOUT_RETURN_TYPE = YES_ERROR;
				GCC_WARN_UNDECLARED_SELECTOR = YES;
				GCC_WARN_UNINITIALIZED_AUTOS = YES_AGGRESSIVE;
				GCC_WARN_UNUSED_FUNCTION = YES;
				GCC_WARN_UNUSED_VARIABLE = YES;
				IPHONEOS_DEPLOYMENT_TARGET = 15.1;
				LD_RUNPATH_SEARCH_PATHS = (
					/usr/lib/swift,
					"$(inherited)",
				);
				LIBRARY_SEARCH_PATHS = (
					"\"$(SDKROOT)/usr/lib/swift\"",
					"\"$(TOOLCHAIN_DIR)/usr/lib/swift/$(PLATFORM_NAME)\"",
					"\"$(inherited)\"",
				);
				MTL_ENABLE_DEBUG_INFO = NO;
				OTHER_CPLUSPLUSFLAGS = (
					"$(OTHER_CFLAGS)",
					"-DFOLLY_NO_CONFIG",
					"-DFOLLY_MOBILE=1",
					"-DFOLLY_USE_LIBCPP=1",
					"-DFOLLY_CFG_NO_COROUTINES=1",
					"-DFOLLY_HAVE_CLOCK_GETTIME=1",
				);
				OTHER_LDFLAGS = (
					"$(inherited)",
					" ",
				);
				REACT_NATIVE_PATH = "${PODS_ROOT}/../../node_modules/react-native";
				SDKROOT = iphoneos;
				USE_HERMES = true;
				VALIDATE_PRODUCT = YES;
			};
			name = Release;
		};
/* End XCBuildConfiguration section */

/* Begin XCConfigurationList section */
		00E357021AD99517003FC87E /* Build configuration list for PBXNativeTarget "WoodleBabyTestTaskTests" */ = {
			isa = XCConfigurationList;
			buildConfigurations = (
				00E356F61AD99517003FC87E /* Debug */,
				00E356F71AD99517003FC87E /* Release */,
			);
			defaultConfigurationIsVisible = 0;
			defaultConfigurationName = Release;
		};
		13B07F931A680F5B00A75B9A /* Build configuration list for PBXNativeTarget "WoodleBabyTestTask" */ = {
			isa = XCConfigurationList;
			buildConfigurations = (
				13B07F941A680F5B00A75B9A /* Debug */,
				13B07F951A680F5B00A75B9A /* Release */,
			);
			defaultConfigurationIsVisible = 0;
			defaultConfigurationName = Release;
		};
		83CBB9FA1A601CBA00E9B192 /* Build configuration list for PBXProject "WoodleBabyTestTask" */ = {
			isa = XCConfigurationList;
			buildConfigurations = (
				83CBBA201A601CBA00E9B192 /* Debug */,
				83CBBA211A601CBA00E9B192 /* Release */,
			);
			defaultConfigurationIsVisible = 0;
			defaultConfigurationName = Release;
		};
/* End XCConfigurationList section */
	};
	rootObject = 83CBB9F71A601CBA00E9B192 /* Project object */;
}
